
Microsoft Visual Studio Solution File, Format Version 12.00
# Visual Studio Version 16
VisualStudioVersion = 16.0.30114.105
MinimumVisualStudioVersion = 10.0.40219.1
Project("{FAE04EC0-301F-11D3-BF4B-00C04F79EFBC}") = "BaltaStore.Api", "BaltaStore.Api\BaltaStore.Api.csproj", "{B13FF1E6-E42E-40E9-80AF-034D479B7C04}"
EndProject
Project("{FAE04EC0-301F-11D3-BF4B-00C04F79EFBC}") = "BaltaStore.Domain", "BaltaStore.Domain\BaltaStore.Domain.csproj", "{25239233-DD54-4416-92C9-B0BE3734F7F0}"
EndProject
Project("{FAE04EC0-301F-11D3-BF4B-00C04F79EFBC}") = "BaltaStore.Infra", "BaltaStore.Infra\BaltaStore.Infra.csproj", "{D549427B-1E13-4883-BCE9-D9027100716A}"
EndProject
Project("{FAE04EC0-301F-11D3-BF4B-00C04F79EFBC}") = "BaltaStore.Shared", "BaltaStore.Shared\BaltaStore.Shared.csproj", "{76995AED-63EE-497D-8C46-D14A99812708}"
EndProject
Project("{FAE04EC0-301F-11D3-BF4B-00C04F79EFBC}") = "BaltaStore.Tests", "BaltaStore.Tests\BaltaStore.Tests.csproj", "{5C314240-8742-4C78-9D63-DB173D84839C}"
EndProject
Global
	GlobalSection(SolutionConfigurationPlatforms) = preSolution
		Debug|Any CPU = Debug|Any CPU
		Release|Any CPU = Release|Any CPU
	EndGlobalSection
	GlobalSection(SolutionProperties) = preSolution
		HideSolutionNode = FALSE
	EndGlobalSection
	GlobalSection(ProjectConfigurationPlatforms) = postSolution
		{B13FF1E6-E42E-40E9-80AF-034D479B7C04}.Debug|Any CPU.ActiveCfg = Debug|Any CPU
		{B13FF1E6-E42E-40E9-80AF-034D479B7C04}.Debug|Any CPU.Build.0 = Debug|Any CPU
		{B13FF1E6-E42E-40E9-80AF-034D479B7C04}.Release|Any CPU.ActiveCfg = Release|Any CPU
		{B13FF1E6-E42E-40E9-80AF-034D479B7C04}.Release|Any CPU.Build.0 = Release|Any CPU
		{25239233-DD54-4416-92C9-B0BE3734F7F0}.Debug|Any CPU.ActiveCfg = Debug|Any CPU
		{25239233-DD54-4416-92C9-B0BE3734F7F0}.Debug|Any CPU.Build.0 = Debug|Any CPU
		{25239233-DD54-4416-92C9-B0BE3734F7F0}.Release|Any CPU.ActiveCfg = Release|Any CPU
		{25239233-DD54-4416-92C9-B0BE3734F7F0}.Release|Any CPU.Build.0 = Release|Any CPU
		{D549427B-1E13-4883-BCE9-D9027100716A}.Debug|Any CPU.ActiveCfg = Debug|Any CPU
		{D549427B-1E13-4883-BCE9-D9027100716A}.Debug|Any CPU.Build.0 = Debug|Any CPU
		{D549427B-1E13-4883-BCE9-D9027100716A}.Release|Any CPU.ActiveCfg = Release|Any CPU
		{D549427B-1E13-4883-BCE9-D9027100716A}.Release|Any CPU.Build.0 = Release|Any CPU
		{76995AED-63EE-497D-8C46-D14A99812708}.Debug|Any CPU.ActiveCfg = Debug|Any CPU
		{76995AED-63EE-497D-8C46-D14A99812708}.Debug|Any CPU.Build.0 = Debug|Any CPU
		{76995AED-63EE-497D-8C46-D14A99812708}.Release|Any CPU.ActiveCfg = Release|Any CPU
		{76995AED-63EE-497D-8C46-D14A99812708}.Release|Any CPU.Build.0 = Release|Any CPU
		{5C314240-8742-4C78-9D63-DB173D84839C}.Debug|Any CPU.ActiveCfg = Debug|Any CPU
		{5C314240-8742-4C78-9D63-DB173D84839C}.Debug|Any CPU.Build.0 = Debug|Any CPU
		{5C314240-8742-4C78-9D63-DB173D84839C}.Release|Any CPU.ActiveCfg = Release|Any CPU
		{5C314240-8742-4C78-9D63-DB173D84839C}.Release|Any CPU.Build.0 = Release|Any CPU
	EndGlobalSection
EndGlobal
